
Microsoft Visual Studio Solution File, Format Version 12.00
# Visual Studio Version 17
VisualStudioVersion = 17.0.31903.59
MinimumVisualStudioVersion = 10.0.40219.1
Project("{2150E333-8FDC-42A3-9474-1A3956D46DE8}") = "src", "src", "{B275558F-D68A-4FE0-AB4D-F47F2B5A18E5}"
	ProjectSection(SolutionItems) = preProject
		docker-compose.yml = docker-compose.yml
	EndProjectSection
EndProject
Project("{FAE04EC0-301F-11D3-BF4B-00C04F79EFBC}") = "AuctionService", "src\AuctionService\AuctionService.csproj", "{F58F125E-E53B-41C3-AB47-2512904ACB64}"
EndProject
Project("{FAE04EC0-301F-11D3-BF4B-00C04F79EFBC}") = "SearchService", "src\SearchService\SearchService.csproj", "{8934BB53-8A57-4ACC-9E29-C6FCDEA36839}"
EndProject
Project("{FAE04EC0-301F-11D3-BF4B-00C04F79EFBC}") = "Contracts", "src\Contracts\Contracts.csproj", "{4E06C70A-5A79-4615-8723-032E2BE03941}"
EndProject
Project("{FAE04EC0-301F-11D3-BF4B-00C04F79EFBC}") = "IdentityService", "src\IdentityService\IdentityService.csproj", "{ADC5DAE5-3960-4317-B25E-6FC1A3F71BF7}"
EndProject
Project("{FAE04EC0-301F-11D3-BF4B-00C04F79EFBC}") = "GatewayService", "src\GatewayService\GatewayService.csproj", "{355095F0-4728-45BD-BCCE-7058942AAE3C}"
EndProject
Project("{FAE04EC0-301F-11D3-BF4B-00C04F79EFBC}") = "BiddingService", "src\BiddingService\BiddingService.csproj", "{2C46DE5E-94BF-4E22-B9B4-63805479751F}"
EndProject
Project("{FAE04EC0-301F-11D3-BF4B-00C04F79EFBC}") = "NotificationService", "src\NotificationService\NotificationService.csproj", "{D07BB902-C730-491E-86E3-CDF55B2B0D69}"
EndProject
Project("{2150E333-8FDC-42A3-9474-1A3956D46DE8}") = "tests", "tests", "{69F6BE1C-E25D-46A2-B40C-99B3CC964CB2}"
EndProject
Project("{FAE04EC0-301F-11D3-BF4B-00C04F79EFBC}") = "AuctionService.UnitTest", "tests\AuctionService.UnitTest\AuctionService.UnitTest.csproj", "{431A02BA-15F4-4B44-A59C-218E47C359CB}"
EndProject
Global
	GlobalSection(SolutionConfigurationPlatforms) = preSolution
		Debug|Any CPU = Debug|Any CPU
		Release|Any CPU = Release|Any CPU
	EndGlobalSection
	GlobalSection(SolutionProperties) = preSolution
		HideSolutionNode = FALSE
	EndGlobalSection
	GlobalSection(ProjectConfigurationPlatforms) = postSolution
		{F58F125E-E53B-41C3-AB47-2512904ACB64}.Debug|Any CPU.ActiveCfg = Debug|Any CPU
		{F58F125E-E53B-41C3-AB47-2512904ACB64}.Debug|Any CPU.Build.0 = Debug|Any CPU
		{F58F125E-E53B-41C3-AB47-2512904ACB64}.Release|Any CPU.ActiveCfg = Release|Any CPU
		{F58F125E-E53B-41C3-AB47-2512904ACB64}.Release|Any CPU.Build.0 = Release|Any CPU
		{8934BB53-8A57-4ACC-9E29-C6FCDEA36839}.Debug|Any CPU.ActiveCfg = Debug|Any CPU
		{8934BB53-8A57-4ACC-9E29-C6FCDEA36839}.Debug|Any CPU.Build.0 = Debug|Any CPU
		{8934BB53-8A57-4ACC-9E29-C6FCDEA36839}.Release|Any CPU.ActiveCfg = Release|Any CPU
		{8934BB53-8A57-4ACC-9E29-C6FCDEA36839}.Release|Any CPU.Build.0 = Release|Any CPU
		{4E06C70A-5A79-4615-8723-032E2BE03941}.Debug|Any CPU.ActiveCfg = Debug|Any CPU
		{4E06C70A-5A79-4615-8723-032E2BE03941}.Debug|Any CPU.Build.0 = Debug|Any CPU
		{4E06C70A-5A79-4615-8723-032E2BE03941}.Release|Any CPU.ActiveCfg = Release|Any CPU
		{4E06C70A-5A79-4615-8723-032E2BE03941}.Release|Any CPU.Build.0 = Release|Any CPU
		{ADC5DAE5-3960-4317-B25E-6FC1A3F71BF7}.Debug|Any CPU.ActiveCfg = Debug|Any CPU
		{ADC5DAE5-3960-4317-B25E-6FC1A3F71BF7}.Debug|Any CPU.Build.0 = Debug|Any CPU
		{ADC5DAE5-3960-4317-B25E-6FC1A3F71BF7}.Release|Any CPU.ActiveCfg = Release|Any CPU
		{ADC5DAE5-3960-4317-B25E-6FC1A3F71BF7}.Release|Any CPU.Build.0 = Release|Any CPU
		{355095F0-4728-45BD-BCCE-7058942AAE3C}.Debug|Any CPU.ActiveCfg = Debug|Any CPU
		{355095F0-4728-45BD-BCCE-7058942AAE3C}.Debug|Any CPU.Build.0 = Debug|Any CPU
		{355095F0-4728-45BD-BCCE-7058942AAE3C}.Release|Any CPU.ActiveCfg = Release|Any CPU
		{355095F0-4728-45BD-BCCE-7058942AAE3C}.Release|Any CPU.Build.0 = Release|Any CPU
		{2C46DE5E-94BF-4E22-B9B4-63805479751F}.Debug|Any CPU.ActiveCfg = Debug|Any CPU
		{2C46DE5E-94BF-4E22-B9B4-63805479751F}.Debug|Any CPU.Build.0 = Debug|Any CPU
		{2C46DE5E-94BF-4E22-B9B4-63805479751F}.Release|Any CPU.ActiveCfg = Release|Any CPU
		{2C46DE5E-94BF-4E22-B9B4-63805479751F}.Release|Any CPU.Build.0 = Release|Any CPU
		{D07BB902-C730-491E-86E3-CDF55B2B0D69}.Debug|Any CPU.ActiveCfg = Debug|Any CPU
		{D07BB902-C730-491E-86E3-CDF55B2B0D69}.Debug|Any CPU.Build.0 = Debug|Any CPU
		{D07BB902-C730-491E-86E3-CDF55B2B0D69}.Release|Any CPU.ActiveCfg = Release|Any CPU
		{D07BB902-C730-491E-86E3-CDF55B2B0D69}.Release|Any CPU.Build.0 = Release|Any CPU
		{431A02BA-15F4-4B44-A59C-218E47C359CB}.Debug|Any CPU.ActiveCfg = Debug|Any CPU
		{431A02BA-15F4-4B44-A59C-218E47C359CB}.Debug|Any CPU.Build.0 = Debug|Any CPU
		{431A02BA-15F4-4B44-A59C-218E47C359CB}.Release|Any CPU.ActiveCfg = Release|Any CPU
		{431A02BA-15F4-4B44-A59C-218E47C359CB}.Release|Any CPU.Build.0 = Release|Any CPU
	EndGlobalSection
	GlobalSection(NestedProjects) = preSolution
		{F58F125E-E53B-41C3-AB47-2512904ACB64} = {B275558F-D68A-4FE0-AB4D-F47F2B5A18E5}
		{8934BB53-8A57-4ACC-9E29-C6FCDEA36839} = {B275558F-D68A-4FE0-AB4D-F47F2B5A18E5}
		{4E06C70A-5A79-4615-8723-032E2BE03941} = {B275558F-D68A-4FE0-AB4D-F47F2B5A18E5}
		{ADC5DAE5-3960-4317-B25E-6FC1A3F71BF7} = {B275558F-D68A-4FE0-AB4D-F47F2B5A18E5}
		{355095F0-4728-45BD-BCCE-7058942AAE3C} = {B275558F-D68A-4FE0-AB4D-F47F2B5A18E5}
		{2C46DE5E-94BF-4E22-B9B4-63805479751F} = {B275558F-D68A-4FE0-AB4D-F47F2B5A18E5}
		{D07BB902-C730-491E-86E3-CDF55B2B0D69} = {B275558F-D68A-4FE0-AB4D-F47F2B5A18E5}
		{431A02BA-15F4-4B44-A59C-218E47C359CB} = {69F6BE1C-E25D-46A2-B40C-99B3CC964CB2}
	EndGlobalSection
EndGlobal
